
Microsoft Visual Studio Solution File, Format Version 12.00
Project("{FAE04EC0-301F-11D3-BF4B-00C04F79EFBC}") = "WebApp.Mvc", "WebApp.Mvc\WebApp.Mvc.csproj", "{E488068C-9C82-4121-A717-E8315E8A2DA5}"
EndProject
Project("{FAE04EC0-301F-11D3-BF4B-00C04F79EFBC}") = "WebApp.Dal", "WebApp.Dal\WebApp.Dal.csproj", "{ACF81F99-60C9-4A24-BD13-E194B40D1205}"
EndProject
Project("{FAE04EC0-301F-11D3-BF4B-00C04F79EFBC}") = "WebApp.Dal.Migrations", "WebApp.Dal.Migrations\WebApp.Dal.Migrations.csproj", "{2FF25B06-1D45-4EF2-878E-6057BFA2471E}"
EndProject
Project("{2150E333-8FDC-42A3-9474-1A3956D46DE8}") = "Data", "Data", "{CD140B87-446C-403E-B8AA-B245A67874C1}"
	ProjectSection(SolutionItems) = preProject
		WebApp.db = WebApp.db
	EndProjectSection
EndProject
Project("{FAE04EC0-301F-11D3-BF4B-00C04F79EFBC}") = "WebApp.ConsoleClient", "WebApp.ConsoleClient\WebApp.ConsoleClient.csproj", "{2A0B412E-2D01-45EF-8978-C1D02ABEE1C0}"
EndProject
Global
	GlobalSection(SolutionConfigurationPlatforms) = preSolution
		Debug|Any CPU = Debug|Any CPU
		Release|Any CPU = Release|Any CPU
	EndGlobalSection
	GlobalSection(ProjectConfigurationPlatforms) = postSolution
		{E488068C-9C82-4121-A717-E8315E8A2DA5}.Debug|Any CPU.ActiveCfg = Debug|Any CPU
		{E488068C-9C82-4121-A717-E8315E8A2DA5}.Debug|Any CPU.Build.0 = Debug|Any CPU
		{E488068C-9C82-4121-A717-E8315E8A2DA5}.Release|Any CPU.ActiveCfg = Release|Any CPU
		{E488068C-9C82-4121-A717-E8315E8A2DA5}.Release|Any CPU.Build.0 = Release|Any CPU
		{ACF81F99-60C9-4A24-BD13-E194B40D1205}.Debug|Any CPU.ActiveCfg = Debug|Any CPU
		{ACF81F99-60C9-4A24-BD13-E194B40D1205}.Debug|Any CPU.Build.0 = Debug|Any CPU
		{ACF81F99-60C9-4A24-BD13-E194B40D1205}.Release|Any CPU.ActiveCfg = Release|Any CPU
		{ACF81F99-60C9-4A24-BD13-E194B40D1205}.Release|Any CPU.Build.0 = Release|Any CPU
		{2FF25B06-1D45-4EF2-878E-6057BFA2471E}.Debug|Any CPU.ActiveCfg = Debug|Any CPU
		{2FF25B06-1D45-4EF2-878E-6057BFA2471E}.Debug|Any CPU.Build.0 = Debug|Any CPU
		{2FF25B06-1D45-4EF2-878E-6057BFA2471E}.Release|Any CPU.ActiveCfg = Release|Any CPU
		{2FF25B06-1D45-4EF2-878E-6057BFA2471E}.Release|Any CPU.Build.0 = Release|Any CPU
		{2A0B412E-2D01-45EF-8978-C1D02ABEE1C0}.Debug|Any CPU.ActiveCfg = Debug|Any CPU
		{2A0B412E-2D01-45EF-8978-C1D02ABEE1C0}.Debug|Any CPU.Build.0 = Debug|Any CPU
		{2A0B412E-2D01-45EF-8978-C1D02ABEE1C0}.Release|Any CPU.ActiveCfg = Release|Any CPU
		{2A0B412E-2D01-45EF-8978-C1D02ABEE1C0}.Release|Any CPU.Build.0 = Release|Any CPU
	EndGlobalSection
EndGlobal
